
Microsoft Visual Studio Solution File, Format Version 12.00
# Visual Studio Version 17
VisualStudioVersion = 17.3.32819.101
MinimumVisualStudioVersion = 10.0.40219.1
Project("{FAE04EC0-301F-11D3-BF4B-00C04F79EFBC}") = "WebAppSampleTestApi", "WebAppSampleTestApi\WebAppSampleTestApi.csproj", "{92E0BC2B-9B63-4A79-B026-E2AB682E6BC1}"
EndProject
Project("{FAE04EC0-301F-11D3-BF4B-00C04F79EFBC}") = "WebAppSampleTestApi.Tests", "WebAppSampleTestApi.Tests\WebAppSampleTestApi.Tests.csproj", "{FBE54312-32BC-4115-A02B-77CC21A4884B}"
EndProject
Global
	GlobalSection(SolutionConfigurationPlatforms) = preSolution
		Debug|Any CPU = Debug|Any CPU
		Release|Any CPU = Release|Any CPU
	EndGlobalSection
	GlobalSection(ProjectConfigurationPlatforms) = postSolution
		{92E0BC2B-9B63-4A79-B026-E2AB682E6BC1}.Debug|Any CPU.ActiveCfg = Debug|Any CPU
		{92E0BC2B-9B63-4A79-B026-E2AB682E6BC1}.Debug|Any CPU.Build.0 = Debug|Any CPU
		{92E0BC2B-9B63-4A79-B026-E2AB682E6BC1}.Release|Any CPU.ActiveCfg = Release|Any CPU
		{92E0BC2B-9B63-4A79-B026-E2AB682E6BC1}.Release|Any CPU.Build.0 = Release|Any CPU
		{FBE54312-32BC-4115-A02B-77CC21A4884B}.Debug|Any CPU.ActiveCfg = Debug|Any CPU
		{FBE54312-32BC-4115-A02B-77CC21A4884B}.Debug|Any CPU.Build.0 = Debug|Any CPU
		{FBE54312-32BC-4115-A02B-77CC21A4884B}.Release|Any CPU.ActiveCfg = Release|Any CPU
		{FBE54312-32BC-4115-A02B-77CC21A4884B}.Release|Any CPU.Build.0 = Release|Any CPU
	EndGlobalSection
	GlobalSection(SolutionProperties) = preSolution
		HideSolutionNode = FALSE
	EndGlobalSection
	GlobalSection(ExtensibilityGlobals) = postSolution
		SolutionGuid = {4EE343CF-6CDB-4DC7-89DC-B7BF16AA5F08}
	EndGlobalSection
EndGlobal
